// !$*UTF8*$!
{
	archiveVersion = 1;
	classes = {
	};
	objectVersion = 56;
	objects = {

/* Begin PBXBuildFile section */
		FA1C59FB2AF0A70500F13100 /* Z+CarouselView.swift in Sources */ = {isa = PBXBuildFile; fileRef = FA1C59FA2AF0A70500F13100 /* Z+CarouselView.swift */; };
		FA3C2F002AEA0B3F00F92E3B /* AppDelegate.swift in Sources */ = {isa = PBXBuildFile; fileRef = FA3C2EFF2AEA0B3F00F92E3B /* AppDelegate.swift */; };
		FA3C2F042AEA0B3F00F92E3B /* ViewController.swift in Sources */ = {isa = PBXBuildFile; fileRef = FA3C2F032AEA0B3F00F92E3B /* ViewController.swift */; };
		FA3C2F072AEA0B3F00F92E3B /* Main.storyboard in Resources */ = {isa = PBXBuildFile; fileRef = FA3C2F052AEA0B3F00F92E3B /* Main.storyboard */; };
		FA3C2F092AEA0B4100F92E3B /* Assets.xcassets in Resources */ = {isa = PBXBuildFile; fileRef = FA3C2F082AEA0B4100F92E3B /* Assets.xcassets */; };
		FA3C2F0C2AEA0B4100F92E3B /* LaunchScreen.storyboard in Resources */ = {isa = PBXBuildFile; fileRef = FA3C2F0A2AEA0B4100F92E3B /* LaunchScreen.storyboard */; };
		FA3C2F152AEA0C4B00F92E3B /* Z.swift in Sources */ = {isa = PBXBuildFile; fileRef = FA3C2F142AEA0C4B00F92E3B /* Z.swift */; };
		FA3C2F182AEA0CD500F92E3B /* Z+PlaceholderTextView.swift in Sources */ = {isa = PBXBuildFile; fileRef = FA3C2F172AEA0CD500F92E3B /* Z+PlaceholderTextView.swift */; };
		FA3C2F1C2AEA3AB300F92E3B /* Z+IntensityVisualEffectView.swift in Sources */ = {isa = PBXBuildFile; fileRef = FA3C2F1B2AEA3AB300F92E3B /* Z+IntensityVisualEffectView.swift */; };
		FA3C2F1E2AEA3EF900F92E3B /* Z+CornerRadiusView.swift in Sources */ = {isa = PBXBuildFile; fileRef = FA3C2F1D2AEA3EF900F92E3B /* Z+CornerRadiusView.swift */; };
/* End PBXBuildFile section */

/* Begin PBXFileReference section */
		FA1C59FA2AF0A70500F13100 /* Z+CarouselView.swift */ = {isa = PBXFileReference; lastKnownFileType = sourcecode.swift; path = "Z+CarouselView.swift"; sourceTree = "<group>"; };
		FA3C2EFC2AEA0B3F00F92E3B /* ZUIKit.app */ = {isa = PBXFileReference; explicitFileType = wrapper.application; includeInIndex = 0; path = ZUIKit.app; sourceTree = BUILT_PRODUCTS_DIR; };
		FA3C2EFF2AEA0B3F00F92E3B /* AppDelegate.swift */ = {isa = PBXFileReference; lastKnownFileType = sourcecode.swift; path = AppDelegate.swift; sourceTree = "<group>"; };
		FA3C2F032AEA0B3F00F92E3B /* ViewController.swift */ = {isa = PBXFileReference; lastKnownFileType = sourcecode.swift; path = ViewController.swift; sourceTree = "<group>"; };
		FA3C2F062AEA0B3F00F92E3B /* Base */ = {isa = PBXFileReference; lastKnownFileType = file.storyboard; name = Base; path = Base.lproj/Main.storyboard; sourceTree = "<group>"; };
		FA3C2F082AEA0B4100F92E3B /* Assets.xcassets */ = {isa = PBXFileReference; lastKnownFileType = folder.assetcatalog; path = Assets.xcassets; sourceTree = "<group>"; };
		FA3C2F0B2AEA0B4100F92E3B /* Base */ = {isa = PBXFileReference; lastKnownFileType = file.storyboard; name = Base; path = Base.lproj/LaunchScreen.storyboard; sourceTree = "<group>"; };
		FA3C2F0D2AEA0B4100F92E3B /* Info.plist */ = {isa = PBXFileReference; lastKnownFileType = text.plist.xml; path = Info.plist; sourceTree = "<group>"; };
		FA3C2F142AEA0C4B00F92E3B /* Z.swift */ = {isa = PBXFileReference; lastKnownFileType = sourcecode.swift; path = Z.swift; sourceTree = "<group>"; };
		FA3C2F172AEA0CD500F92E3B /* Z+PlaceholderTextView.swift */ = {isa = PBXFileReference; lastKnownFileType = sourcecode.swift; path = "Z+PlaceholderTextView.swift"; sourceTree = "<group>"; };
		FA3C2F1B2AEA3AB300F92E3B /* Z+IntensityVisualEffectView.swift */ = {isa = PBXFileReference; lastKnownFileType = sourcecode.swift; path = "Z+IntensityVisualEffectView.swift"; sourceTree = "<group>"; };
		FA3C2F1D2AEA3EF900F92E3B /* Z+CornerRadiusView.swift */ = {isa = PBXFileReference; lastKnownFileType = sourcecode.swift; path = "Z+CornerRadiusView.swift"; sourceTree = "<group>"; };
/* End PBXFileReference section */

/* Begin PBXFrameworksBuildPhase section */
		FA3C2EF92AEA0B3F00F92E3B /* Frameworks */ = {
			isa = PBXFrameworksBuildPhase;
			buildActionMask = 2147483647;
			files = (
			);
			runOnlyForDeploymentPostprocessing = 0;
		};
/* End PBXFrameworksBuildPhase section */

/* Begin PBXGroup section */
		FA3C2EF32AEA0B3F00F92E3B = {
			isa = PBXGroup;
			children = (
				FA3C2EFE2AEA0B3F00F92E3B /* ZUIKit */,
				FA3C2EFD2AEA0B3F00F92E3B /* Products */,
			);
			sourceTree = "<group>";
		};
		FA3C2EFD2AEA0B3F00F92E3B /* Products */ = {
			isa = PBXGroup;
			children = (
				FA3C2EFC2AEA0B3F00F92E3B /* ZUIKit.app */,
			);
			name = Products;
			sourceTree = "<group>";
		};
		FA3C2EFE2AEA0B3F00F92E3B /* ZUIKit */ = {
			isa = PBXGroup;
			children = (
				FA3C2F132AEA0BE600F92E3B /* Core */,
				FA3C2F162AEA0CB800F92E3B /* Usage */,
				FA3C2EFF2AEA0B3F00F92E3B /* AppDelegate.swift */,
				FA3C2F032AEA0B3F00F92E3B /* ViewController.swift */,
				FA3C2F052AEA0B3F00F92E3B /* Main.storyboard */,
				FA3C2F082AEA0B4100F92E3B /* Assets.xcassets */,
				FA3C2F0A2AEA0B4100F92E3B /* LaunchScreen.storyboard */,
				FA3C2F0D2AEA0B4100F92E3B /* Info.plist */,
			);
			path = ZUIKit;
			sourceTree = "<group>";
		};
		FA3C2F132AEA0BE600F92E3B /* Core */ = {
			isa = PBXGroup;
			children = (
				FA3C2F142AEA0C4B00F92E3B /* Z.swift */,
			);
			path = Core;
			sourceTree = "<group>";
		};
		FA3C2F162AEA0CB800F92E3B /* Usage */ = {
			isa = PBXGroup;
			children = (
				FA3C2F172AEA0CD500F92E3B /* Z+PlaceholderTextView.swift */,
				FA3C2F1B2AEA3AB300F92E3B /* Z+IntensityVisualEffectView.swift */,
				FA3C2F1D2AEA3EF900F92E3B /* Z+CornerRadiusView.swift */,
				FA1C59FA2AF0A70500F13100 /* Z+CarouselView.swift */,
			);
			path = Usage;
			sourceTree = "<group>";
		};
/* End PBXGroup section */

/* Begin PBXNativeTarget section */
		FA3C2EFB2AEA0B3F00F92E3B /* ZUIKit */ = {
			isa = PBXNativeTarget;
			buildConfigurationList = FA3C2F102AEA0B4100F92E3B /* Build configuration list for PBXNativeTarget "ZUIKit" */;
			buildPhases = (
				FA3C2EF82AEA0B3F00F92E3B /* Sources */,
				FA3C2EF92AEA0B3F00F92E3B /* Frameworks */,
				FA3C2EFA2AEA0B3F00F92E3B /* Resources */,
			);
			buildRules = (
			);
			dependencies = (
			);
			name = ZUIKit;
			productName = ZUIKit;
			productReference = FA3C2EFC2AEA0B3F00F92E3B /* ZUIKit.app */;
			productType = "com.apple.product-type.application";
		};
/* End PBXNativeTarget section */

/* Begin PBXProject section */
		FA3C2EF42AEA0B3F00F92E3B /* Project object */ = {
			isa = PBXProject;
			attributes = {
				BuildIndependentTargetsInParallel = 1;
				LastSwiftUpdateCheck = 1500;
				LastUpgradeCheck = 1500;
				TargetAttributes = {
					FA3C2EFB2AEA0B3F00F92E3B = {
						CreatedOnToolsVersion = 15.0;
					};
				};
			};
			buildConfigurationList = FA3C2EF72AEA0B3F00F92E3B /* Build configuration list for PBXProject "ZUIKit" */;
			compatibilityVersion = "Xcode 14.0";
			developmentRegion = en;
			hasScannedForEncodings = 0;
			knownRegions = (
				en,
				Base,
			);
			mainGroup = FA3C2EF32AEA0B3F00F92E3B;
			productRefGroup = FA3C2EFD2AEA0B3F00F92E3B /* Products */;
			projectDirPath = "";
			projectRoot = "";
			targets = (
				FA3C2EFB2AEA0B3F00F92E3B /* ZUIKit */,
			);
		};
/* End PBXProject section */

/* Begin PBXResourcesBuildPhase section */
		FA3C2EFA2AEA0B3F00F92E3B /* Resources */ = {
			isa = PBXResourcesBuildPhase;
			buildActionMask = 2147483647;
			files = (
				FA3C2F0C2AEA0B4100F92E3B /* LaunchScreen.storyboard in Resources */,
				FA3C2F092AEA0B4100F92E3B /* Assets.xcassets in Resources */,
				FA3C2F072AEA0B3F00F92E3B /* Main.storyboard in Resources */,
			);
			runOnlyForDeploymentPostprocessing = 0;
		};
/* End PBXResourcesBuildPhase section */

/* Begin PBXSourcesBuildPhase section */
		FA3C2EF82AEA0B3F00F92E3B /* Sources */ = {
			isa = PBXSourcesBuildPhase;
			buildActionMask = 2147483647;
			files = (
				FA3C2F152AEA0C4B00F92E3B /* Z.swift in Sources */,
				FA3C2F042AEA0B3F00F92E3B /* ViewController.swift in Sources */,
				FA3C2F1E2AEA3EF900F92E3B /* Z+CornerRadiusView.swift in Sources */,
				FA3C2F002AEA0B3F00F92E3B /* AppDelegate.swift in Sources */,
				FA1C59FB2AF0A70500F13100 /* Z+CarouselView.swift in Sources */,
				FA3C2F1C2AEA3AB300F92E3B /* Z+IntensityVisualEffectView.swift in Sources */,
				FA3C2F182AEA0CD500F92E3B /* Z+PlaceholderTextView.swift in Sources */,
			);
			runOnlyForDeploymentPostprocessing = 0;
		};
/* End PBXSourcesBuildPhase section */

/* Begin PBXVariantGroup section */
		FA3C2F052AEA0B3F00F92E3B /* Main.storyboard */ = {
			isa = PBXVariantGroup;
			children = (
				FA3C2F062AEA0B3F00F92E3B /* Base */,
			);
			name = Main.storyboard;
			sourceTree = "<group>";
		};
		FA3C2F0A2AEA0B4100F92E3B /* LaunchScreen.storyboard */ = {
			isa = PBXVariantGroup;
			children = (
				FA3C2F0B2AEA0B4100F92E3B /* Base */,
			);
			name = LaunchScreen.storyboard;
			sourceTree = "<group>";
		};
/* End PBXVariantGroup section */

/* Begin XCBuildConfiguration section */
		FA3C2F0E2AEA0B4100F92E3B /* Debug */ = {
			isa = XCBuildConfiguration;
			buildSettings = {
				ALWAYS_SEARCH_USER_PATHS = NO;
				ASSETCATALOG_COMPILER_GENERATE_SWIFT_ASSET_SYMBOL_EXTENSIONS = YES;
				CLANG_ANALYZER_NONNULL = YES;
				CLANG_ANALYZER_NUMBER_OBJECT_CONVERSION = YES_AGGRESSIVE;
				CLANG_CXX_LANGUAGE_STANDARD = "gnu++20";
				CLANG_ENABLE_MODULES = YES;
				CLANG_ENABLE_OBJC_ARC = YES;
				CLANG_ENABLE_OBJC_WEAK = YES;
				CLANG_WARN_BLOCK_CAPTURE_AUTORELEASING = YES;
				CLANG_WARN_BOOL_CONVERSION = YES;
				CLANG_WARN_COMMA = YES;
				CLANG_WARN_CONSTANT_CONVERSION = YES;
				CLANG_WARN_DEPRECATED_OBJC_IMPLEMENTATIONS = YES;
				CLANG_WARN_DIRECT_OBJC_ISA_USAGE = YES_ERROR;
				CLANG_WARN_DOCUMENTATION_COMMENTS = YES;
				CLANG_WARN_EMPTY_BODY = YES;
				CLANG_WARN_ENUM_CONVERSION = YES;
				CLANG_WARN_INFINITE_RECURSION = YES;
				CLANG_WARN_INT_CONVERSION = YES;
				CLANG_WARN_NON_LITERAL_NULL_CONVERSION = YES;
				CLANG_WARN_OBJC_IMPLICIT_RETAIN_SELF = YES;
				CLANG_WARN_OBJC_LITERAL_CONVERSION = YES;
				CLANG_WARN_OBJC_ROOT_CLASS = YES_ERROR;
				CLANG_WARN_QUOTED_INCLUDE_IN_FRAMEWORK_HEADER = YES;
				CLANG_WARN_RANGE_LOOP_ANALYSIS = YES;
				CLANG_WARN_STRICT_PROTOTYPES = YES;
				CLANG_WARN_SUSPICIOUS_MOVE = YES;
				CLANG_WARN_UNGUARDED_AVAILABILITY = YES_AGGRESSIVE;
				CLANG_WARN_UNREACHABLE_CODE = YES;
				CLANG_WARN__DUPLICATE_METHOD_MATCH = YES;
				COPY_PHASE_STRIP = NO;
				DEBUG_INFORMATION_FORMAT = dwarf;
				ENABLE_STRICT_OBJC_MSGSEND = YES;
				ENABLE_TESTABILITY = YES;
				ENABLE_USER_SCRIPT_SANDBOXING = YES;
				GCC_C_LANGUAGE_STANDARD = gnu17;
				GCC_DYNAMIC_NO_PIC = NO;
				GCC_NO_COMMON_BLOCKS = YES;
				GCC_OPTIMIZATION_LEVEL = 0;
				GCC_PREPROCESSOR_DEFINITIONS = (
					"DEBUG=1",
					"$(inherited)",
				);
				GCC_WARN_64_TO_32_BIT_CONVERSION = YES;
				GCC_WARN_ABOUT_RETURN_TYPE = YES_ERROR;
				GCC_WARN_UNDECLARED_SELECTOR = YES;
				GCC_WARN_UNINITIALIZED_AUTOS = YES_AGGRESSIVE;
				GCC_WARN_UNUSED_FUNCTION = YES;
				GCC_WARN_UNUSED_VARIABLE = YES;
				IPHONEOS_DEPLOYMENT_TARGET = 14.0;
				LOCALIZATION_PREFERS_STRING_CATALOGS = YES;
				MTL_ENABLE_DEBUG_INFO = INCLUDE_SOURCE;
				MTL_FAST_MATH = YES;
				ONLY_ACTIVE_ARCH = YES;
				SDKROOT = iphoneos;
				SWIFT_ACTIVE_COMPILATION_CONDITIONS = "DEBUG $(inherited)";
				SWIFT_OPTIMIZATION_LEVEL = "-Onone";
			};
			name = Debug;
		};
		FA3C2F0F2AEA0B4100F92E3B /* Release */ = {
			isa = XCBuildConfiguration;
			buildSettings = {
				ALWAYS_SEARCH_USER_PATHS = NO;
				ASSETCATALOG_COMPILER_GENERATE_SWIFT_ASSET_SYMBOL_EXTENSIONS = YES;
				CLANG_ANALYZER_NONNULL = YES;
				CLANG_ANALYZER_NUMBER_OBJECT_CONVERSION = YES_AGGRESSIVE;
				CLANG_CXX_LANGUAGE_STANDARD = "gnu++20";
				CLANG_ENABLE_MODULES = YES;
				CLANG_ENABLE_OBJC_ARC = YES;
				CLANG_ENABLE_OBJC_WEAK = YES;
				CLANG_WARN_BLOCK_CAPTURE_AUTORELEASING = YES;
				CLANG_WARN_BOOL_CONVERSION = YES;
				CLANG_WARN_COMMA = YES;
				CLANG_WARN_CONSTANT_CONVERSION = YES;
				CLANG_WARN_DEPRECATED_OBJC_IMPLEMENTATIONS = YES;
				CLANG_WARN_DIRECT_OBJC_ISA_USAGE = YES_ERROR;
				CLANG_WARN_DOCUMENTATION_COMMENTS = YES;
				CLANG_WARN_EMPTY_BODY = YES;
				CLANG_WARN_ENUM_CONVERSION = YES;
				CLANG_WARN_INFINITE_RECURSION = YES;
				CLANG_WARN_INT_CONVERSION = YES;
				CLANG_WARN_NON_LITERAL_NULL_CONVERSION = YES;
				CLANG_WARN_OBJC_IMPLICIT_RETAIN_SELF = YES;
				CLANG_WARN_OBJC_LITERAL_CONVERSION = YES;
				CLANG_WARN_OBJC_ROOT_CLASS = YES_ERROR;
				CLANG_WARN_QUOTED_INCLUDE_IN_FRAMEWORK_HEADER = YES;
				CLANG_WARN_RANGE_LOOP_ANALYSIS = YES;
				CLANG_WARN_STRICT_PROTOTYPES = YES;
				CLANG_WARN_SUSPICIOUS_MOVE = YES;
				CLANG_WARN_UNGUARDED_AVAILABILITY = YES_AGGRESSIVE;
				CLANG_WARN_UNREACHABLE_CODE = YES;
				CLANG_WARN__DUPLICATE_METHOD_MATCH = YES;
				COPY_PHASE_STRIP = NO;
				DEBUG_INFORMATION_FORMAT = "dwarf-with-dsym";
				ENABLE_NS_ASSERTIONS = NO;
				ENABLE_STRICT_OBJC_MSGSEND = YES;
				ENABLE_USER_SCRIPT_SANDBOXING = YES;
				GCC_C_LANGUAGE_STANDARD = gnu17;
				GCC_NO_COMMON_BLOCKS = YES;
				GCC_WARN_64_TO_32_BIT_CONVERSION = YES;
				GCC_WARN_ABOUT_RETURN_TYPE = YES_ERROR;
				GCC_WARN_UNDECLARED_SELECTOR = YES;
				GCC_WARN_UNINITIALIZED_AUTOS = YES_AGGRESSIVE;
				GCC_WARN_UNUSED_FUNCTION = YES;
				GCC_WARN_UNUSED_VARIABLE = YES;
				IPHONEOS_DEPLOYMENT_TARGET = 14.0;
				LOCALIZATION_PREFERS_STRING_CATALOGS = YES;
				MTL_ENABLE_DEBUG_INFO = NO;
				MTL_FAST_MATH = YES;
				SDKROOT = iphoneos;
				SWIFT_COMPILATION_MODE = wholemodule;
				VALIDATE_PRODUCT = YES;
			};
			name = Release;
		};
		FA3C2F112AEA0B4100F92E3B /* Debug */ = {
			isa = XCBuildConfiguration;
			buildSettings = {
				ASSETCATALOG_COMPILER_APPICON_NAME = AppIcon;
				ASSETCATALOG_COMPILER_GLOBAL_ACCENT_COLOR_NAME = AccentColor;
				CODE_SIGN_STYLE = Automatic;
				CURRENT_PROJECT_VERSION = 1;
				DEVELOPMENT_TEAM = 5B228QDGFG;
				GENERATE_INFOPLIST_FILE = YES;
				INFOPLIST_FILE = ZUIKit/Info.plist;
				INFOPLIST_KEY_UIApplicationSupportsIndirectInputEvents = YES;
				INFOPLIST_KEY_UILaunchStoryboardName = LaunchScreen.storyboard;
				INFOPLIST_KEY_UIMainStoryboardFile = Main;
				INFOPLIST_KEY_UISupportedInterfaceOrientations_iPad = "UIInterfaceOrientationPortrait UIInterfaceOrientationPortraitUpsideDown UIInterfaceOrientationLandscapeLeft UIInterfaceOrientationLandscapeRight";
				INFOPLIST_KEY_UISupportedInterfaceOrientations_iPhone = "UIInterfaceOrientationPortrait UIInterfaceOrientationLandscapeLeft UIInterfaceOrientationLandscapeRight";
				LD_RUNPATH_SEARCH_PATHS = (
					"$(inherited)",
					"@executable_path/Frameworks",
				);
				MARKETING_VERSION = 1.0;
				PRODUCT_BUNDLE_IDENTIFIER = com.shanbay.ZUIKit;
				PRODUCT_NAME = "$(TARGET_NAME)";
				SWIFT_EMIT_LOC_STRINGS = YES;
				SWIFT_VERSION = 5.0;
				TARGETED_DEVICE_FAMILY = "1,2";
			};
			name = Debug;
		};
		FA3C2F122AEA0B4100F92E3B /* Release */ = {
			isa = XCBuildConfiguration;
			buildSettings = {
				ASSETCATALOG_COMPILER_APPICON_NAME = AppIcon;
				ASSETCATALOG_COMPILER_GLOBAL_ACCENT_COLOR_NAME = AccentColor;
				CODE_SIGN_STYLE = Automatic;
				CURRENT_PROJECT_VERSION = 1;
				DEVELOPMENT_TEAM = 5B228QDGFG;
				GENERATE_INFOPLIST_FILE = YES;
				INFOPLIST_FILE = ZUIKit/Info.plist;
				INFOPLIST_KEY_UIApplicationSupportsIndirectInputEvents = YES;
				INFOPLIST_KEY_UILaunchStoryboardName = LaunchScreen.storyboard;
				INFOPLIST_KEY_UIMainStoryboardFile = Main;
				INFOPLIST_KEY_UISupportedInterfaceOrientations_iPad = "UIInterfaceOrientationPortrait UIInterfaceOrientationPortraitUpsideDown UIInterfaceOrientationLandscapeLeft UIInterfaceOrientationLandscapeRight";
				INFOPLIST_KEY_UISupportedInterfaceOrientations_iPhone = "UIInterfaceOrientationPortrait UIInterfaceOrientationLandscapeLeft UIInterfaceOrientationLandscapeRight";
				LD_RUNPATH_SEARCH_PATHS = (
					"$(inherited)",
					"@executable_path/Frameworks",
				);
				MARKETING_VERSION = 1.0;
				PRODUCT_BUNDLE_IDENTIFIER = com.shanbay.ZUIKit;
				PRODUCT_NAME = "$(TARGET_NAME)";
				SWIFT_EMIT_LOC_STRINGS = YES;
				SWIFT_VERSION = 5.0;
				TARGETED_DEVICE_FAMILY = "1,2";
			};
			name = Release;
		};
/* End XCBuildConfiguration section */

/* Begin XCConfigurationList section */
		FA3C2EF72AEA0B3F00F92E3B /* Build configuration list for PBXProject "ZUIKit" */ = {
			isa = XCConfigurationList;
			buildConfigurations = (
				FA3C2F0E2AEA0B4100F92E3B /* Debug */,
				FA3C2F0F2AEA0B4100F92E3B /* Release */,
			);
			defaultConfigurationIsVisible = 0;
			defaultConfigurationName = Release;
		};
		FA3C2F102AEA0B4100F92E3B /* Build configuration list for PBXNativeTarget "ZUIKit" */ = {
			isa = XCConfigurationList;
			buildConfigurations = (
				FA3C2F112AEA0B4100F92E3B /* Debug */,
				FA3C2F122AEA0B4100F92E3B /* Release */,
			);
			defaultConfigurationIsVisible = 0;
			defaultConfigurationName = Release;
		};
/* End XCConfigurationList section */
	};
	rootObject = FA3C2EF42AEA0B3F00F92E3B /* Project object */;
}
